{
  "lockfile_version": "1",
  "packages": {
    "python312@latest": {
      "last_modified": "2024-04-19T21:36:04Z",
      "plugin_version": "0.0.3",
      "resolved": "github:NixOS/nixpkgs/92d295f588631b0db2da509f381b4fb1e74173c5#python312",
      "source": "devbox-search",
      "version": "3.12.3",
      "systems": {
        "aarch64-darwin": {
          "store_path": "/nix/store/7bz0d53vngyxzhs6axavfw2dhl9vwlww-python3-3.12.3"
        },
        "aarch64-linux": {
          "store_path": "/nix/store/nw7n1zgfiwxvrlxcn6nkggvxvk6msvl9-python3-3.12.3"
        },
        "x86_64-darwin": {
          "store_path": "/nix/store/g8jihlbhc9sv3d2i4lnagyn2mj74mmjf-python3-3.12.3"
        },
        "x86_64-linux": {
          "store_path": "/nix/store/m51f0kclg01xdc0mjxqs5cpyaxqbqhg5-python3-3.12.3"
        }
      }
    },
    "typst-lsp@latest": {
      "last_modified": "2024-04-19T21:36:04Z",
      "resolved": "github:NixOS/nixpkgs/92d295f588631b0db2da509f381b4fb1e74173c5#typst-lsp",
      "source": "devbox-search",
      "version": "0.13.0",
      "systems": {
        "aarch64-darwin": {
          "store_path": "/nix/store/iycwn41nya7gjzj9v6f2q8zh1dv46b9h-typst-lsp-0.13.0"
        },
        "aarch64-linux": {
          "store_path": "/nix/store/myx39qrzql9pwhyfwl4n4mp0ff4lk91g-typst-lsp-0.13.0"
        },
        "x86_64-darwin": {
          "store_path": "/nix/store/yakcpaz02s6i4lbiy9sxwil124yivbps-typst-lsp-0.13.0"
        },
        "x86_64-linux": {
          "store_path": "/nix/store/psvch63l3zscyyf7pigb7kc3kr816zsq-typst-lsp-0.13.0"
        }
      }
    },
    "zig@latest": {
      "last_modified": "2024-04-19T21:36:04Z",
      "resolved": "github:NixOS/nixpkgs/92d295f588631b0db2da509f381b4fb1e74173c5#zig",
      "source": "devbox-search",
      "version": "0.11.0",
      "systems": {
        "aarch64-darwin": {
          "store_path": "/nix/store/divv53p9wjrsqvi3g6v3c0vabvhcb3z3-zig-0.11.0"
        },
        "aarch64-linux": {
          "store_path": "/nix/store/al318f1pzzz068qsc75vadhdpdn6ky94-zig-0.11.0"
        },
        "x86_64-darwin": {
          "store_path": "/nix/store/ph224d02mxv0vm2x9771sw87j08i9g3h-zig-0.11.0"
        },
        "x86_64-linux": {
          "store_path": "/nix/store/n55qf67p9ss997aiz2m6xrhi34h9nkpz-zig-0.11.0"
        }
      }
    },
    "zls@latest": {
      "last_modified": "2024-04-19T21:36:04Z",
      "resolved": "github:NixOS/nixpkgs/92d295f588631b0db2da509f381b4fb1e74173c5#zls",
      "source": "devbox-search",
      "version": "0.11.0",
      "systems": {
        "aarch64-darwin": {
          "store_path": "/nix/store/5s39fhwc1c9aj06q01xj6qi8w2az8jbr-zls-0.11.0"
        },
        "aarch64-linux": {
          "store_path": "/nix/store/kj30iw7fvs6vhsigaphhla3zlj5b4l0f-zls-0.11.0"
        },
        "x86_64-darwin": {
          "store_path": "/nix/store/22b2hpi8fnm1g21bznc84h58lpw7hcyj-zls-0.11.0"
        },
        "x86_64-linux": {
          "store_path": "/nix/store/5a8ais58j8vi2502vimyzbbclvqi306v-zls-0.11.0"
        }
      }
    }
  }
}
